<?xml version="1.0" encoding="utf-8"?>
<Project ToolsVersion="4.0" xmlns="http://schemas.microsoft.com/developer/msbuild/2003">
  <ItemGroup>
    <ClCompile Include="Audio.cpp">
      <Filter>Source</Filter>
    </ClCompile>
    <ClCompile Include="Cassette.cpp">
      <Filter>Source</Filter>
    </ClCompile>
    <ClCompile Include="coco3.cpp">
      <Filter>Source</Filter>
    </ClCompile>
    <ClCompile Include="CommandLine.cpp">
      <Filter>Source</Filter>
    </ClCompile>
    <ClCompile Include="config.cpp">
      <Filter>Source</Filter>
    </ClCompile>
    <ClCompile Include="DirectDrawInterface.cpp">
      <Filter>Source</Filter>
    </ClCompile>
    <ClCompile Include="hd6309.cpp">
      <Filter>Source</Filter>
    </ClCompile>
    <ClCompile Include="_xDebug.cpp">
      <Filter>Source</Filter>
    </ClCompile>
    <ClCompile Include="iobus.cpp">
      <Filter>Source</Filter>
    </ClCompile>
    <ClCompile Include="keyboard.cpp">
      <Filter>Source</Filter>
    </ClCompile>
    <ClCompile Include="keyboardEdit.cpp">
      <Filter>Source</Filter>
    </ClCompile>
    <ClCompile Include="keyboardLayout.cpp">
      <Filter>Source</Filter>
    </ClCompile>
    <ClCompile Include="mc6809.cpp">
      <Filter>Source</Filter>
    </ClCompile>
    <ClCompile Include="mc6821.cpp">
      <Filter>Source</Filter>
    </ClCompile>
    <ClCompile Include="pakinterface.cpp">
      <Filter>Source</Filter>
    </ClCompile>
    <ClCompile Include="quickload.cpp">
      <Filter>Source</Filter>
    </ClCompile>
    <ClCompile Include="tcc1014registers.cpp">
      <Filter>Source</Filter>
    </ClCompile>
    <ClCompile Include="tcc1014mmu.cpp">
      <Filter>Source</Filter>
    </ClCompile>
    <ClCompile Include="tcc1014graphics.cpp">
      <Filter>Source</Filter>
    </ClCompile>
    <ClCompile Include="throttle.cpp">
      <Filter>Source</Filter>
    </ClCompile>
    <ClCompile Include="Vcc.cpp">
      <Filter>Source</Filter>
    </ClCompile>
    <ClCompile Include="Debugger.cpp">
      <Filter>Source\Debugger</Filter>
    </ClCompile>
    <ClCompile Include="MMUMonitor.cpp">
      <Filter>Source\Debugger</Filter>
    </ClCompile>
    <ClCompile Include="ProcessorState.cpp">
      <Filter>Source\Debugger</Filter>
    </ClCompile>
    <ClCompile Include="SourceDebug.cpp">
      <Filter>Source\Debugger</Filter>
    </ClCompile>
    <ClCompile Include="MemoryMap.cpp">
      <Filter>Source\Debugger</Filter>
    </ClCompile>
    <ClCompile Include="DebuggerUtils.cpp">
      <Filter>Source\Debugger</Filter>
    </ClCompile>
    <ClCompile Include="ExecutionTrace.cpp">
      <Filter>Source\Debugger</Filter>
    </ClCompile>
    <ClCompile Include="OpDecoder.cpp">
      <Filter>Source\Debugger</Filter>
    </ClCompile>
    <ClCompile Include="OpCodeTables.cpp">
      <Filter>Source\Debugger</Filter>
    </ClCompile>
    <ClCompile Include="OpenGL.cpp">
      <Filter>Source</Filter>
    </ClCompile>
    <ClCompile Include="OpenGLFontConsola.cpp">
      <Filter>Source</Filter>
    </ClCompile>
    <ClCompile Include="Screenshot.cpp">
      <Filter>Source</Filter>
    </ClCompile>
    <ClCompile Include="DirectX.cpp">
      <Filter>Source</Filter>
    </ClCompile>
    <ClCompile Include="Disassembler.cpp">
      <Filter>Source</Filter>
    </ClCompile>
    <ClCompile Include="joystickinput.cpp">
      <Filter>Source</Filter>
    </ClCompile>
    <ClCompile Include="memdump.cpp">
      <Filter>Source</Filter>
    </ClCompile>
  </ItemGroup>
  <ItemGroup>
    <ClInclude Include="audio.h">
      <Filter>Headers</Filter>
    </ClInclude>
    <ClInclude Include="Cassette.h">
      <Filter>Headers</Filter>
    </ClInclude>
    <ClInclude Include="cc2font.h">
      <Filter>Headers</Filter>
    </ClInclude>
    <ClInclude Include="cc3font.h">
      <Filter>Headers</Filter>
    </ClInclude>
    <ClInclude Include="coco3.h">
      <Filter>Headers</Filter>
    </ClInclude>
    <ClInclude Include="CommandLine.h">
      <Filter>Headers</Filter>
    </ClInclude>
    <ClInclude Include="config.h">
      <Filter>Headers</Filter>
    </ClInclude>
    <ClInclude Include="defines.h">
      <Filter>Headers</Filter>
    </ClInclude>
    <ClInclude Include="DirectDrawInterface.h">
      <Filter>Headers</Filter>
    </ClInclude>
    <ClInclude Include="hd6309.h">
      <Filter>Headers</Filter>
    </ClInclude>
    <ClInclude Include="hd6309defs.h">
      <Filter>Headers</Filter>
    </ClInclude>
    <ClInclude Include="iobus.h">
      <Filter>Headers</Filter>
    </ClInclude>
    <ClInclude Include="joystickinput.h">
      <Filter>Headers</Filter>
    </ClInclude>
    <ClInclude Include="keyboard.h">
      <Filter>Headers</Filter>
    </ClInclude>
    <ClInclude Include="keyboardEdit.h">
      <Filter>Headers</Filter>
    </ClInclude>
    <ClInclude Include="keyboardLayout.h">
      <Filter>Headers</Filter>
    </ClInclude>
    <ClInclude Include="mc6809.h">
      <Filter>Headers</Filter>
    </ClInclude>
    <ClInclude Include="mc6821.h">
      <Filter>Headers</Filter>
    </ClInclude>
    <ClInclude Include="mc6809defs.h">
      <Filter>Headers</Filter>
    </ClInclude>
    <ClInclude Include="pakinterface.h">
      <Filter>Headers</Filter>
    </ClInclude>
    <ClInclude Include="quickload.h">
      <Filter>Headers</Filter>
    </ClInclude>
    <ClInclude Include="Vcc.h">
      <Filter>Headers</Filter>
    </ClInclude>
    <ClInclude Include="throttle.h">
      <Filter>Headers</Filter>
    </ClInclude>
    <ClInclude Include="tcc1014registers.h">
      <Filter>Headers</Filter>
    </ClInclude>
    <ClInclude Include="tcc1014mmu.h">
      <Filter>Headers</Filter>
    </ClInclude>
    <ClInclude Include="tcc1014graphics.h">
      <Filter>Headers</Filter>
    </ClInclude>
    <ClInclude Include="xDebug.h">
      <Filter>Headers</Filter>
    </ClInclude>
    <ClInclude Include="resource.h">
      <Filter>Headers</Filter>
    </ClInclude>
    <ClInclude Include="SourceDebug.h">
      <Filter>Headers\Debugger</Filter>
    </ClInclude>
    <ClInclude Include="MemoryMap.h">
      <Filter>Headers\Debugger</Filter>
    </ClInclude>
    <ClInclude Include="MMUMonitor.h">
      <Filter>Headers\Debugger</Filter>
    </ClInclude>
    <ClInclude Include="ProcessorState.h">
      <Filter>Headers\Debugger</Filter>
    </ClInclude>
    <ClInclude Include="Debugger.h">
      <Filter>Headers\Debugger</Filter>
    </ClInclude>
    <ClInclude Include="DebuggerUtils.h">
      <Filter>Headers\Debugger</Filter>
    </ClInclude>
    <ClInclude Include="MachineDefs.h">
      <Filter>Headers</Filter>
    </ClInclude>
    <ClInclude Include="ExecutionTrace.h">
      <Filter>Headers\Debugger</Filter>
    </ClInclude>
    <ClInclude Include="OpDecoder.h">
      <Filter>Headers\Debugger</Filter>
    </ClInclude>
    <ClInclude Include="OpCodeTables.h">
      <Filter>Headers\Debugger</Filter>
    </ClInclude>
    <ClInclude Include="OpenGL.h">
      <Filter>Source</Filter>
    </ClInclude>
    <ClInclude Include="IDisplay.h">
      <Filter>Headers</Filter>
    </ClInclude>
    <ClInclude Include="OpenGLFont.h">
      <Filter>Source</Filter>
    </ClInclude>
    <ClInclude Include="OpenGLFontConsola.h">
      <Filter>Source</Filter>
    </ClInclude>
    <ClInclude Include="IDisplayDebug.h">
      <Filter>Headers</Filter>
    </ClInclude>
    <ClInclude Include="BuildConfig.h">
      <Filter>Headers</Filter>
    </ClInclude>
    <ClInclude Include="Screenshot.h">
      <Filter>Source</Filter>
    </ClInclude>
    <ClInclude Include="DirectX.h">
      <Filter>Source</Filter>
    </ClInclude>
    <ClInclude Include="CpuCommon.h">
      <Filter>Headers</Filter>
    </ClInclude>
    <ClInclude Include="DisplayNull.h">
      <Filter>Source</Filter>
    </ClInclude>
    <ClInclude Include="interrupts.h">
      <Filter>Headers</Filter>
    </ClInclude>
    <ClInclude Include="DisplayNone.h">
      <Filter>Source</Filter>
    </ClInclude>
    <ClInclude Include="Disassembler.h">
      <Filter>Headers</Filter>
    </ClInclude>
    <ClInclude Include="memdump.h">
      <Filter>Headers</Filter>
    </ClInclude>
    <ClInclude Include="keynames.h">
      <Filter>Headers</Filter>
    </ClInclude>
    <ClInclude Include="menu_populator.h">
      <Filter>Headers</Filter>
    </ClInclude>
  </ItemGroup>
  <ItemGroup>
    <Image Include="resources\composite.ico">
      <Filter>Resources</Filter>
    </Image>
    <Image Include="resources\hitachi.ico">
      <Filter>Resources</Filter>
    </Image>
    <Image Include="resources\ico00004.ico">
      <Filter>Resources</Filter>
    </Image>
    <Image Include="resources\icon1.ico">
      <Filter>Resources</Filter>
    </Image>
    <Image Include="resources\joystick.ico">
      <Filter>Resources</Filter>
    </Image>
    <Image Include="resources\Keyboard.ico">
      <Filter>Resources</Filter>
    </Image>
    <Image Include="resources\vcc.bmp">
      <Filter>Resources</Filter>
    </Image>
    <Image Include="resources\rgb.ico">
      <Filter>Resources</Filter>
    </Image>
    <Image Include="resources\mouse.ico">
      <Filter>Resources</Filter>
    </Image>
    <Image Include="resources\moto.ico">
      <Filter>Resources</Filter>
    </Image>
    <Image Include="resources\consola.bmp">
      <Filter>Resources</Filter>
    </Image>
  </ItemGroup>
  <ItemGroup>
    <Filter Include="Source">
      <UniqueIdentifier>{0635a928-6fc4-430f-b317-3d9c1a9887fb}</UniqueIdentifier>
    </Filter>
    <Filter Include="Headers">
      <UniqueIdentifier>{f166829a-cdba-43c2-803a-9f917201abfd}</UniqueIdentifier>
    </Filter>
    <Filter Include="Resources">
      <UniqueIdentifier>{d6184637-cbc4-403b-90e3-ba08f92b040f}</UniqueIdentifier>
    </Filter>
    <Filter Include="Source\Debugger">
      <UniqueIdentifier>{b14bb076-40e2-4e8b-95e5-7646003a0078}</UniqueIdentifier>
    </Filter>
    <Filter Include="Headers\Debugger">
      <UniqueIdentifier>{8e101e68-6057-477e-b4ea-0ae8d7d2fdc3}</UniqueIdentifier>
    </Filter>
  </ItemGroup>
  <ItemGroup>
    <None Include="resources\cursor1.cur">
      <Filter>Resources</Filter>
    </None>
  </ItemGroup>
  <ItemGroup>
    <ResourceCompile Include="Vcc.rc">
      <Filter>Resources</Filter>
    </ResourceCompile>
  </ItemGroup>
</Project>