
Microsoft Visual Studio Solution File, Format Version 12.00
# Visual Studio Version 17
VisualStudioVersion = 17.10.35027.167
MinimumVisualStudioVersion = 10.0.40219.1
Project("{8BC9CEB8-8B4A-11D0-8D11-00A0C91BC942}") = "vcc", "Vcc.vcxproj", "{822E50CF-A326-4B7A-A2CA-2A4C4055FC34}"
	ProjectSection(ProjectDependencies) = postProject
		{C78D7242-DB92-49BC-AFF5-433E16C3C9D4} = {C78D7242-DB92-49BC-AFF5-433E16C3C9D4}
		{BD7CA587-71D0-43D6-A730-582126B1C1F4} = {BD7CA587-71D0-43D6-A730-582126B1C1F4}
	EndProjectSection
EndProject
Project("{8BC9CEB8-8B4A-11D0-8D11-00A0C91BC942}") = "fd502", "FD502\fd502.vcxproj", "{F4DC9499-4FF1-4A56-83DD-6499062972AA}"
EndProject
Project("{8BC9CEB8-8B4A-11D0-8D11-00A0C91BC942}") = "harddisk", "HardDisk\harddisk.vcxproj", "{FC5D90DF-A488-4E57-A4B2-7C74AE861F9E}"
EndProject
Project("{8BC9CEB8-8B4A-11D0-8D11-00A0C91BC942}") = "mpi", "mpi\mpi.vcxproj", "{678097F4-F33B-4739-B3E1-7A72BD1F4A3A}"
EndProject
Project("{8BC9CEB8-8B4A-11D0-8D11-00A0C91BC942}") = "orch90", "orch90\orch90.vcxproj", "{89C050F1-9427-4C5F-B260-C5F9EB43E915}"
EndProject
Project("{8BC9CEB8-8B4A-11D0-8D11-00A0C91BC942}") = "ramdisk", "Ramdisk\Ramdisk.vcxproj", "{23D3931C-364B-45E2-B58C-9B3FBC584C0F}"
EndProject
Project("{8BC9CEB8-8B4A-11D0-8D11-00A0C91BC942}") = "superide", "SuperIDE\SuperIDE.vcxproj", "{95713490-9812-4348-9E5E-818F736A271A}"
EndProject
Project("{8BC9CEB8-8B4A-11D0-8D11-00A0C91BC942}") = "becker", "becker\becker.vcxproj", "{C78D7242-DB92-49BC-AFF5-433E16C3C9D4}"
EndProject
Project("{8BC9CEB8-8B4A-11D0-8D11-00A0C91BC942}") = "gmc", "GMC\gmc.vcxproj", "{BD7CA587-71D0-43D6-A730-582126B1C1F4}"
EndProject
Project("{8BC9CEB8-8B4A-11D0-8D11-00A0C91BC942}") = "acia", "acia\acia.vcxproj", "{337BE96D-E8B6-4409-BBFD-0AD8C49AF94B}"
EndProject
Global
	GlobalSection(SolutionConfigurationPlatforms) = preSolution
		Debug|ARM = Debug|ARM
		Debug|x86 = Debug|x86
		Legacy|ARM = Legacy|ARM
		Legacy|x86 = Legacy|x86
		Release|ARM = Release|ARM
		Release|x86 = Release|x86
	EndGlobalSection
	GlobalSection(ProjectConfigurationPlatforms) = postSolution
		{822E50CF-A326-4B7A-A2CA-2A4C4055FC34}.Debug|ARM.ActiveCfg = Template|ARM
		{822E50CF-A326-4B7A-A2CA-2A4C4055FC34}.Debug|ARM.Build.0 = Template|ARM
		{822E50CF-A326-4B7A-A2CA-2A4C4055FC34}.Debug|x86.ActiveCfg = Debug|Win32
		{822E50CF-A326-4B7A-A2CA-2A4C4055FC34}.Debug|x86.Build.0 = Debug|Win32
		{822E50CF-A326-4B7A-A2CA-2A4C4055FC34}.Legacy|ARM.ActiveCfg = Legacy|Win32
		{822E50CF-A326-4B7A-A2CA-2A4C4055FC34}.Legacy|ARM.Build.0 = Legacy|Win32
		{822E50CF-A326-4B7A-A2CA-2A4C4055FC34}.Legacy|x86.ActiveCfg = Legacy|Win32
		{822E50CF-A326-4B7A-A2CA-2A4C4055FC34}.Legacy|x86.Build.0 = Legacy|Win32
		{822E50CF-A326-4B7A-A2CA-2A4C4055FC34}.Release|ARM.ActiveCfg = Release|ARM
		{822E50CF-A326-4B7A-A2CA-2A4C4055FC34}.Release|ARM.Build.0 = Release|ARM
		{822E50CF-A326-4B7A-A2CA-2A4C4055FC34}.Release|x86.ActiveCfg = Release|Win32
		{822E50CF-A326-4B7A-A2CA-2A4C4055FC34}.Release|x86.Build.0 = Release|Win32
		{F4DC9499-4FF1-4A56-83DD-6499062972AA}.Debug|ARM.ActiveCfg = Template|ARM
		{F4DC9499-4FF1-4A56-83DD-6499062972AA}.Debug|ARM.Build.0 = Template|ARM
		{F4DC9499-4FF1-4A56-83DD-6499062972AA}.Debug|x86.ActiveCfg = Debug|Win32
		{F4DC9499-4FF1-4A56-83DD-6499062972AA}.Debug|x86.Build.0 = Debug|Win32
		{F4DC9499-4FF1-4A56-83DD-6499062972AA}.Legacy|ARM.ActiveCfg = Legacy|Win32
		{F4DC9499-4FF1-4A56-83DD-6499062972AA}.Legacy|ARM.Build.0 = Legacy|Win32
		{F4DC9499-4FF1-4A56-83DD-6499062972AA}.Legacy|x86.ActiveCfg = Legacy|Win32
		{F4DC9499-4FF1-4A56-83DD-6499062972AA}.Legacy|x86.Build.0 = Legacy|Win32
		{F4DC9499-4FF1-4A56-83DD-6499062972AA}.Release|ARM.ActiveCfg = Release|ARM
		{F4DC9499-4FF1-4A56-83DD-6499062972AA}.Release|ARM.Build.0 = Release|ARM
		{F4DC9499-4FF1-4A56-83DD-6499062972AA}.Release|x86.ActiveCfg = Release|Win32
		{F4DC9499-4FF1-4A56-83DD-6499062972AA}.Release|x86.Build.0 = Release|Win32
		{FC5D90DF-A488-4E57-A4B2-7C74AE861F9E}.Debug|ARM.ActiveCfg = Template|ARM
		{FC5D90DF-A488-4E57-A4B2-7C74AE861F9E}.Debug|ARM.Build.0 = Template|ARM
		{FC5D90DF-A488-4E57-A4B2-7C74AE861F9E}.Debug|x86.ActiveCfg = Debug|Win32
		{FC5D90DF-A488-4E57-A4B2-7C74AE861F9E}.Debug|x86.Build.0 = Debug|Win32
		{FC5D90DF-A488-4E57-A4B2-7C74AE861F9E}.Legacy|ARM.ActiveCfg = Legacy|Win32
		{FC5D90DF-A488-4E57-A4B2-7C74AE861F9E}.Legacy|ARM.Build.0 = Legacy|Win32
		{FC5D90DF-A488-4E57-A4B2-7C74AE861F9E}.Legacy|x86.ActiveCfg = Legacy|Win32
		{FC5D90DF-A488-4E57-A4B2-7C74AE861F9E}.Legacy|x86.Build.0 = Legacy|Win32
		{FC5D90DF-A488-4E57-A4B2-7C74AE861F9E}.Release|ARM.ActiveCfg = Release|ARM
		{FC5D90DF-A488-4E57-A4B2-7C74AE861F9E}.Release|ARM.Build.0 = Release|ARM
		{FC5D90DF-A488-4E57-A4B2-7C74AE861F9E}.Release|x86.ActiveCfg = Release|Win32
		{FC5D90DF-A488-4E57-A4B2-7C74AE861F9E}.Release|x86.Build.0 = Release|Win32
		{678097F4-F33B-4739-B3E1-7A72BD1F4A3A}.Debug|ARM.ActiveCfg = Template|ARM
		{678097F4-F33B-4739-B3E1-7A72BD1F4A3A}.Debug|ARM.Build.0 = Template|ARM
		{678097F4-F33B-4739-B3E1-7A72BD1F4A3A}.Debug|x86.ActiveCfg = Debug|Win32
		{678097F4-F33B-4739-B3E1-7A72BD1F4A3A}.Debug|x86.Build.0 = Debug|Win32
		{678097F4-F33B-4739-B3E1-7A72BD1F4A3A}.Legacy|ARM.ActiveCfg = Legacy|Win32
		{678097F4-F33B-4739-B3E1-7A72BD1F4A3A}.Legacy|ARM.Build.0 = Legacy|Win32
		{678097F4-F33B-4739-B3E1-7A72BD1F4A3A}.Legacy|x86.ActiveCfg = Legacy|Win32
		{678097F4-F33B-4739-B3E1-7A72BD1F4A3A}.Legacy|x86.Build.0 = Legacy|Win32
		{678097F4-F33B-4739-B3E1-7A72BD1F4A3A}.Release|ARM.ActiveCfg = Release|ARM
		{678097F4-F33B-4739-B3E1-7A72BD1F4A3A}.Release|ARM.Build.0 = Release|ARM
		{678097F4-F33B-4739-B3E1-7A72BD1F4A3A}.Release|x86.ActiveCfg = Release|Win32
		{678097F4-F33B-4739-B3E1-7A72BD1F4A3A}.Release|x86.Build.0 = Release|Win32
		{89C050F1-9427-4C5F-B260-C5F9EB43E915}.Debug|ARM.ActiveCfg = Template|ARM
		{89C050F1-9427-4C5F-B260-C5F9EB43E915}.Debug|ARM.Build.0 = Template|ARM
		{89C050F1-9427-4C5F-B260-C5F9EB43E915}.Debug|x86.ActiveCfg = Debug|Win32
		{89C050F1-9427-4C5F-B260-C5F9EB43E915}.Debug|x86.Build.0 = Debug|Win32
		{89C050F1-9427-4C5F-B260-C5F9EB43E915}.Legacy|ARM.ActiveCfg = Legacy|Win32
		{89C050F1-9427-4C5F-B260-C5F9EB43E915}.Legacy|ARM.Build.0 = Legacy|Win32
		{89C050F1-9427-4C5F-B260-C5F9EB43E915}.Legacy|x86.ActiveCfg = Legacy|Win32
		{89C050F1-9427-4C5F-B260-C5F9EB43E915}.Legacy|x86.Build.0 = Legacy|Win32
		{89C050F1-9427-4C5F-B260-C5F9EB43E915}.Release|ARM.ActiveCfg = Release|ARM
		{89C050F1-9427-4C5F-B260-C5F9EB43E915}.Release|ARM.Build.0 = Release|ARM
		{89C050F1-9427-4C5F-B260-C5F9EB43E915}.Release|x86.ActiveCfg = Release|Win32
		{89C050F1-9427-4C5F-B260-C5F9EB43E915}.Release|x86.Build.0 = Release|Win32
		{23D3931C-364B-45E2-B58C-9B3FBC584C0F}.Debug|ARM.ActiveCfg = Debug|ARM
		{23D3931C-364B-45E2-B58C-9B3FBC584C0F}.Debug|ARM.Build.0 = Debug|ARM
		{23D3931C-364B-45E2-B58C-9B3FBC584C0F}.Debug|x86.ActiveCfg = Debug|Win32
		{23D3931C-364B-45E2-B58C-9B3FBC584C0F}.Debug|x86.Build.0 = Debug|Win32
		{23D3931C-364B-45E2-B58C-9B3FBC584C0F}.Legacy|ARM.ActiveCfg = Legacy|Win32
		{23D3931C-364B-45E2-B58C-9B3FBC584C0F}.Legacy|ARM.Build.0 = Legacy|Win32
		{23D3931C-364B-45E2-B58C-9B3FBC584C0F}.Legacy|x86.ActiveCfg = Legacy|Win32
		{23D3931C-364B-45E2-B58C-9B3FBC584C0F}.Legacy|x86.Build.0 = Legacy|Win32
		{23D3931C-364B-45E2-B58C-9B3FBC584C0F}.Release|ARM.ActiveCfg = Release|ARM
		{23D3931C-364B-45E2-B58C-9B3FBC584C0F}.Release|ARM.Build.0 = Release|ARM
		{23D3931C-364B-45E2-B58C-9B3FBC584C0F}.Release|x86.ActiveCfg = Release|Win32
		{23D3931C-364B-45E2-B58C-9B3FBC584C0F}.Release|x86.Build.0 = Release|Win32
		{95713490-9812-4348-9E5E-818F736A271A}.Debug|ARM.ActiveCfg = Template|ARM
		{95713490-9812-4348-9E5E-818F736A271A}.Debug|ARM.Build.0 = Template|ARM
		{95713490-9812-4348-9E5E-818F736A271A}.Debug|x86.ActiveCfg = Debug|Win32
		{95713490-9812-4348-9E5E-818F736A271A}.Debug|x86.Build.0 = Debug|Win32
		{95713490-9812-4348-9E5E-818F736A271A}.Legacy|ARM.ActiveCfg = Legacy|Win32
		{95713490-9812-4348-9E5E-818F736A271A}.Legacy|ARM.Build.0 = Legacy|Win32
		{95713490-9812-4348-9E5E-818F736A271A}.Legacy|x86.ActiveCfg = Legacy|Win32
		{95713490-9812-4348-9E5E-818F736A271A}.Legacy|x86.Build.0 = Legacy|Win32
		{95713490-9812-4348-9E5E-818F736A271A}.Release|ARM.ActiveCfg = Release|ARM
		{95713490-9812-4348-9E5E-818F736A271A}.Release|ARM.Build.0 = Release|ARM
		{95713490-9812-4348-9E5E-818F736A271A}.Release|x86.ActiveCfg = Release|Win32
		{95713490-9812-4348-9E5E-818F736A271A}.Release|x86.Build.0 = Release|Win32
		{C78D7242-DB92-49BC-AFF5-433E16C3C9D4}.Debug|ARM.ActiveCfg = Debug|ARM
		{C78D7242-DB92-49BC-AFF5-433E16C3C9D4}.Debug|ARM.Build.0 = Debug|ARM
		{C78D7242-DB92-49BC-AFF5-433E16C3C9D4}.Debug|x86.ActiveCfg = Debug|Win32
		{C78D7242-DB92-49BC-AFF5-433E16C3C9D4}.Debug|x86.Build.0 = Debug|Win32
		{C78D7242-DB92-49BC-AFF5-433E16C3C9D4}.Legacy|ARM.ActiveCfg = Legacy|Win32
		{C78D7242-DB92-49BC-AFF5-433E16C3C9D4}.Legacy|ARM.Build.0 = Legacy|Win32
		{C78D7242-DB92-49BC-AFF5-433E16C3C9D4}.Legacy|x86.ActiveCfg = Legacy|Win32
		{C78D7242-DB92-49BC-AFF5-433E16C3C9D4}.Legacy|x86.Build.0 = Legacy|Win32
		{C78D7242-DB92-49BC-AFF5-433E16C3C9D4}.Release|ARM.ActiveCfg = Release|ARM
		{C78D7242-DB92-49BC-AFF5-433E16C3C9D4}.Release|ARM.Build.0 = Release|ARM
		{C78D7242-DB92-49BC-AFF5-433E16C3C9D4}.Release|x86.ActiveCfg = Release|Win32
		{C78D7242-DB92-49BC-AFF5-433E16C3C9D4}.Release|x86.Build.0 = Release|Win32
		{BD7CA587-71D0-43D6-A730-582126B1C1F4}.Debug|ARM.ActiveCfg = Template|ARM
		{BD7CA587-71D0-43D6-A730-582126B1C1F4}.Debug|ARM.Build.0 = Template|ARM
		{BD7CA587-71D0-43D6-A730-582126B1C1F4}.Debug|x86.ActiveCfg = Debug|Win32
		{BD7CA587-71D0-43D6-A730-582126B1C1F4}.Debug|x86.Build.0 = Debug|Win32
		{BD7CA587-71D0-43D6-A730-582126B1C1F4}.Legacy|ARM.ActiveCfg = Legacy|Win32
		{BD7CA587-71D0-43D6-A730-582126B1C1F4}.Legacy|ARM.Build.0 = Legacy|Win32
		{BD7CA587-71D0-43D6-A730-582126B1C1F4}.Legacy|x86.ActiveCfg = Legacy|Win32
		{BD7CA587-71D0-43D6-A730-582126B1C1F4}.Legacy|x86.Build.0 = Legacy|Win32
		{BD7CA587-71D0-43D6-A730-582126B1C1F4}.Release|ARM.ActiveCfg = Release|ARM
		{BD7CA587-71D0-43D6-A730-582126B1C1F4}.Release|ARM.Build.0 = Release|ARM
		{BD7CA587-71D0-43D6-A730-582126B1C1F4}.Release|x86.ActiveCfg = Release|Win32
		{BD7CA587-71D0-43D6-A730-582126B1C1F4}.Release|x86.Build.0 = Release|Win32
		{337BE96D-E8B6-4409-BBFD-0AD8C49AF94B}.Debug|ARM.ActiveCfg = Debug|ARM
		{337BE96D-E8B6-4409-BBFD-0AD8C49AF94B}.Debug|ARM.Build.0 = Debug|ARM
		{337BE96D-E8B6-4409-BBFD-0AD8C49AF94B}.Debug|x86.ActiveCfg = Debug|Win32
		{337BE96D-E8B6-4409-BBFD-0AD8C49AF94B}.Debug|x86.Build.0 = Debug|Win32
		{337BE96D-E8B6-4409-BBFD-0AD8C49AF94B}.Legacy|ARM.ActiveCfg = Legacy|Win32
		{337BE96D-E8B6-4409-BBFD-0AD8C49AF94B}.Legacy|ARM.Build.0 = Legacy|Win32
		{337BE96D-E8B6-4409-BBFD-0AD8C49AF94B}.Legacy|x86.ActiveCfg = Legacy|Win32
		{337BE96D-E8B6-4409-BBFD-0AD8C49AF94B}.Legacy|x86.Build.0 = Legacy|Win32
		{337BE96D-E8B6-4409-BBFD-0AD8C49AF94B}.Release|ARM.ActiveCfg = Release|ARM
		{337BE96D-E8B6-4409-BBFD-0AD8C49AF94B}.Release|ARM.Build.0 = Release|ARM
		{337BE96D-E8B6-4409-BBFD-0AD8C49AF94B}.Release|x86.ActiveCfg = Release|Win32
		{337BE96D-E8B6-4409-BBFD-0AD8C49AF94B}.Release|x86.Build.0 = Release|Win32
	EndGlobalSection
	GlobalSection(SolutionProperties) = preSolution
		HideSolutionNode = FALSE
	EndGlobalSection
	GlobalSection(ExtensibilityGlobals) = postSolution
		SolutionGuid = {4AF251C5-5E20-44FC-B459-B7317DBA3470}
	EndGlobalSection
EndGlobal
