// !$*UTF8*$!
{
	archiveVersion = 1;
	classes = {
	};
	objectVersion = 46;
	objects = {

/* Begin PBXBuildFile section */
		131E89952132278800A492B9 /* libvcc-core.dylib in Frameworks */ = {isa = PBXBuildFile; fileRef = 131E89942132278800A492B9 /* libvcc-core.dylib */; };
		137B19F2208E17DD0019FC37 /* _main.c in Sources */ = {isa = PBXBuildFile; fileRef = 137B19EF208E17DD0019FC37 /* _main.c */; };
		13E6ED7A2134C2F600C8880E /* rampak.h in Headers */ = {isa = PBXBuildFile; fileRef = 13E6ED782134C2F600C8880E /* rampak.h */; };
		13E6ED7B2134C2F600C8880E /* memboard.h in Headers */ = {isa = PBXBuildFile; fileRef = 13E6ED792134C2F600C8880E /* memboard.h */; };
		13E6ED7E2134C30100C8880E /* rampak.c in Sources */ = {isa = PBXBuildFile; fileRef = 13E6ED7C2134C30100C8880E /* rampak.c */; };
		13E6ED7F2134C30100C8880E /* memboard.c in Sources */ = {isa = PBXBuildFile; fileRef = 13E6ED7D2134C30100C8880E /* memboard.c */; };
/* End PBXBuildFile section */

/* Begin PBXFileReference section */
		131E89942132278800A492B9 /* libvcc-core.dylib */ = {isa = PBXFileReference; explicitFileType = "compiled.mach-o.dylib"; path = "libvcc-core.dylib"; sourceTree = BUILT_PRODUCTS_DIR; };
		137B19EF208E17DD0019FC37 /* _main.c */ = {isa = PBXFileReference; fileEncoding = 4; lastKnownFileType = sourcecode.c.c; path = _main.c; sourceTree = "<group>"; };
		13B7FCB41BAF0B270041343C /* libvcc-pak-rampak.dylib */ = {isa = PBXFileReference; explicitFileType = "compiled.mach-o.dylib"; includeInIndex = 0; path = "libvcc-pak-rampak.dylib"; sourceTree = BUILT_PRODUCTS_DIR; };
		13E6ED782134C2F600C8880E /* rampak.h */ = {isa = PBXFileReference; fileEncoding = 4; lastKnownFileType = sourcecode.c.h; name = rampak.h; path = ../../rampak.h; sourceTree = "<group>"; };
		13E6ED792134C2F600C8880E /* memboard.h */ = {isa = PBXFileReference; fileEncoding = 4; lastKnownFileType = sourcecode.c.h; name = memboard.h; path = ../../memboard.h; sourceTree = "<group>"; };
		13E6ED7C2134C30100C8880E /* rampak.c */ = {isa = PBXFileReference; fileEncoding = 4; lastKnownFileType = sourcecode.c.c; name = rampak.c; path = ../../rampak.c; sourceTree = "<group>"; };
		13E6ED7D2134C30100C8880E /* memboard.c */ = {isa = PBXFileReference; fileEncoding = 4; lastKnownFileType = sourcecode.c.c; name = memboard.c; path = ../../memboard.c; sourceTree = "<group>"; };
/* End PBXFileReference section */

/* Begin PBXFrameworksBuildPhase section */
		13B7FCB11BAF0B270041343C /* Frameworks */ = {
			isa = PBXFrameworksBuildPhase;
			buildActionMask = 2147483647;
			files = (
				131E89952132278800A492B9 /* libvcc-core.dylib in Frameworks */,
			);
			runOnlyForDeploymentPostprocessing = 0;
		};
/* End PBXFrameworksBuildPhase section */

/* Begin PBXGroup section */
		1315B974204B5EA600B5540A /* Frameworks */ = {
			isa = PBXGroup;
			children = (
				131E89942132278800A492B9 /* libvcc-core.dylib */,
			);
			name = Frameworks;
			sourceTree = "<group>";
		};
		136C71F1207EDDBD0066C4C7 /* inc */ = {
			isa = PBXGroup;
			children = (
				13E6ED792134C2F600C8880E /* memboard.h */,
				13E6ED782134C2F600C8880E /* rampak.h */,
			);
			name = inc;
			sourceTree = "<group>";
		};
		136C71F2207EDDC50066C4C7 /* src */ = {
			isa = PBXGroup;
			children = (
				13E6ED7D2134C30100C8880E /* memboard.c */,
				13E6ED7C2134C30100C8880E /* rampak.c */,
				136C71F3207EDDCC0066C4C7 /* osx */,
			);
			name = src;
			sourceTree = "<group>";
		};
		136C71F3207EDDCC0066C4C7 /* osx */ = {
			isa = PBXGroup;
			children = (
				137B19EF208E17DD0019FC37 /* _main.c */,
			);
			name = osx;
			sourceTree = "<group>";
		};
		13B7FCAB1BAF0B270041343C = {
			isa = PBXGroup;
			children = (
				136C71F1207EDDBD0066C4C7 /* inc */,
				136C71F2207EDDC50066C4C7 /* src */,
				13B7FCB51BAF0B270041343C /* Products */,
				1315B974204B5EA600B5540A /* Frameworks */,
			);
			sourceTree = "<group>";
		};
		13B7FCB51BAF0B270041343C /* Products */ = {
			isa = PBXGroup;
			children = (
				13B7FCB41BAF0B270041343C /* libvcc-pak-rampak.dylib */,
			);
			name = Products;
			sourceTree = "<group>";
		};
/* End PBXGroup section */

/* Begin PBXHeadersBuildPhase section */
		13B7FCB21BAF0B270041343C /* Headers */ = {
			isa = PBXHeadersBuildPhase;
			buildActionMask = 2147483647;
			files = (
				13E6ED7A2134C2F600C8880E /* rampak.h in Headers */,
				13E6ED7B2134C2F600C8880E /* memboard.h in Headers */,
			);
			runOnlyForDeploymentPostprocessing = 0;
		};
/* End PBXHeadersBuildPhase section */

/* Begin PBXNativeTarget section */
		13B7FCB31BAF0B270041343C /* vcc-pak-rampak */ = {
			isa = PBXNativeTarget;
			buildConfigurationList = 13B7FCC81BAF0B280041343C /* Build configuration list for PBXNativeTarget "vcc-pak-rampak" */;
			buildPhases = (
				13B7FCB01BAF0B270041343C /* Sources */,
				13B7FCB11BAF0B270041343C /* Frameworks */,
				13B7FCB21BAF0B270041343C /* Headers */,
			);
			buildRules = (
			);
			dependencies = (
			);
			name = "vcc-pak-rampak";
			productName = "vccx-pak-mpi";
			productReference = 13B7FCB41BAF0B270041343C /* libvcc-pak-rampak.dylib */;
			productType = "com.apple.product-type.library.dynamic";
		};
/* End PBXNativeTarget section */

/* Begin PBXProject section */
		13B7FCAC1BAF0B270041343C /* Project object */ = {
			isa = PBXProject;
			attributes = {
				LastUpgradeCheck = 0930;
				ORGANIZATIONNAME = CoCo3;
				TargetAttributes = {
					13B7FCB31BAF0B270041343C = {
						CreatedOnToolsVersion = 6.3.2;
					};
				};
			};
			buildConfigurationList = 13B7FCAF1BAF0B270041343C /* Build configuration list for PBXProject "vcc-pak-rampak" */;
			compatibilityVersion = "Xcode 3.2";
			developmentRegion = English;
			hasScannedForEncodings = 0;
			knownRegions = (
				en,
			);
			mainGroup = 13B7FCAB1BAF0B270041343C;
			productRefGroup = 13B7FCB51BAF0B270041343C /* Products */;
			projectDirPath = "";
			projectRoot = "";
			targets = (
				13B7FCB31BAF0B270041343C /* vcc-pak-rampak */,
			);
		};
/* End PBXProject section */

/* Begin PBXSourcesBuildPhase section */
		13B7FCB01BAF0B270041343C /* Sources */ = {
			isa = PBXSourcesBuildPhase;
			buildActionMask = 2147483647;
			files = (
				137B19F2208E17DD0019FC37 /* _main.c in Sources */,
				13E6ED7F2134C30100C8880E /* memboard.c in Sources */,
				13E6ED7E2134C30100C8880E /* rampak.c in Sources */,
			);
			runOnlyForDeploymentPostprocessing = 0;
		};
/* End PBXSourcesBuildPhase section */

/* Begin XCBuildConfiguration section */
		13B7FCC61BAF0B280041343C /* Debug */ = {
			isa = XCBuildConfiguration;
			buildSettings = {
				ALWAYS_SEARCH_USER_PATHS = NO;
				CLANG_CXX_LANGUAGE_STANDARD = "gnu++0x";
				CLANG_CXX_LIBRARY = "libc++";
				CLANG_ENABLE_MODULES = YES;
				CLANG_ENABLE_OBJC_ARC = YES;
				CLANG_WARN_BLOCK_CAPTURE_AUTORELEASING = YES;
				CLANG_WARN_BOOL_CONVERSION = YES;
				CLANG_WARN_COMMA = YES;
				CLANG_WARN_CONSTANT_CONVERSION = YES;
				CLANG_WARN_DEPRECATED_OBJC_IMPLEMENTATIONS = YES;
				CLANG_WARN_DIRECT_OBJC_ISA_USAGE = YES_ERROR;
				CLANG_WARN_EMPTY_BODY = YES;
				CLANG_WARN_ENUM_CONVERSION = YES;
				CLANG_WARN_INFINITE_RECURSION = YES;
				CLANG_WARN_INT_CONVERSION = YES;
				CLANG_WARN_NON_LITERAL_NULL_CONVERSION = YES;
				CLANG_WARN_OBJC_IMPLICIT_RETAIN_SELF = YES;
				CLANG_WARN_OBJC_LITERAL_CONVERSION = YES;
				CLANG_WARN_OBJC_ROOT_CLASS = YES_ERROR;
				CLANG_WARN_RANGE_LOOP_ANALYSIS = YES;
				CLANG_WARN_STRICT_PROTOTYPES = YES;
				CLANG_WARN_SUSPICIOUS_MOVE = YES;
				CLANG_WARN_UNREACHABLE_CODE = YES;
				CLANG_WARN__DUPLICATE_METHOD_MATCH = YES;
				COPY_PHASE_STRIP = NO;
				DEBUG_INFORMATION_FORMAT = dwarf;
				ENABLE_STRICT_OBJC_MSGSEND = YES;
				ENABLE_TESTABILITY = YES;
				GCC_C_LANGUAGE_STANDARD = gnu99;
				GCC_DYNAMIC_NO_PIC = NO;
				GCC_NO_COMMON_BLOCKS = YES;
				GCC_OPTIMIZATION_LEVEL = 0;
				GCC_PREPROCESSOR_DEFINITIONS = (
					"DEBUG=1",
					"$(inherited)",
				);
				GCC_SYMBOLS_PRIVATE_EXTERN = NO;
				GCC_WARN_64_TO_32_BIT_CONVERSION = YES;
				GCC_WARN_ABOUT_RETURN_TYPE = YES_ERROR;
				GCC_WARN_UNDECLARED_SELECTOR = YES;
				GCC_WARN_UNINITIALIZED_AUTOS = YES_AGGRESSIVE;
				GCC_WARN_UNUSED_FUNCTION = YES;
				GCC_WARN_UNUSED_VARIABLE = YES;
				MACOSX_DEPLOYMENT_TARGET = 10.8;
				MTL_ENABLE_DEBUG_INFO = YES;
				ONLY_ACTIVE_ARCH = YES;
				SDKROOT = macosx;
			};
			name = Debug;
		};
		13B7FCC71BAF0B280041343C /* Release */ = {
			isa = XCBuildConfiguration;
			buildSettings = {
				ALWAYS_SEARCH_USER_PATHS = NO;
				CLANG_CXX_LANGUAGE_STANDARD = "gnu++0x";
				CLANG_CXX_LIBRARY = "libc++";
				CLANG_ENABLE_MODULES = YES;
				CLANG_ENABLE_OBJC_ARC = YES;
				CLANG_WARN_BLOCK_CAPTURE_AUTORELEASING = YES;
				CLANG_WARN_BOOL_CONVERSION = YES;
				CLANG_WARN_COMMA = YES;
				CLANG_WARN_CONSTANT_CONVERSION = YES;
				CLANG_WARN_DEPRECATED_OBJC_IMPLEMENTATIONS = YES;
				CLANG_WARN_DIRECT_OBJC_ISA_USAGE = YES_ERROR;
				CLANG_WARN_EMPTY_BODY = YES;
				CLANG_WARN_ENUM_CONVERSION = YES;
				CLANG_WARN_INFINITE_RECURSION = YES;
				CLANG_WARN_INT_CONVERSION = YES;
				CLANG_WARN_NON_LITERAL_NULL_CONVERSION = YES;
				CLANG_WARN_OBJC_IMPLICIT_RETAIN_SELF = YES;
				CLANG_WARN_OBJC_LITERAL_CONVERSION = YES;
				CLANG_WARN_OBJC_ROOT_CLASS = YES_ERROR;
				CLANG_WARN_RANGE_LOOP_ANALYSIS = YES;
				CLANG_WARN_STRICT_PROTOTYPES = YES;
				CLANG_WARN_SUSPICIOUS_MOVE = YES;
				CLANG_WARN_UNREACHABLE_CODE = YES;
				CLANG_WARN__DUPLICATE_METHOD_MATCH = YES;
				COPY_PHASE_STRIP = NO;
				DEBUG_INFORMATION_FORMAT = "dwarf-with-dsym";
				ENABLE_NS_ASSERTIONS = NO;
				ENABLE_STRICT_OBJC_MSGSEND = YES;
				GCC_C_LANGUAGE_STANDARD = gnu99;
				GCC_NO_COMMON_BLOCKS = YES;
				GCC_WARN_64_TO_32_BIT_CONVERSION = YES;
				GCC_WARN_ABOUT_RETURN_TYPE = YES_ERROR;
				GCC_WARN_UNDECLARED_SELECTOR = YES;
				GCC_WARN_UNINITIALIZED_AUTOS = YES_AGGRESSIVE;
				GCC_WARN_UNUSED_FUNCTION = YES;
				GCC_WARN_UNUSED_VARIABLE = YES;
				MACOSX_DEPLOYMENT_TARGET = 10.8;
				MTL_ENABLE_DEBUG_INFO = NO;
				SDKROOT = macosx;
			};
			name = Release;
		};
		13B7FCC91BAF0B280041343C /* Debug */ = {
			isa = XCBuildConfiguration;
			buildSettings = {
				DYLIB_COMPATIBILITY_VERSION = 1;
				DYLIB_CURRENT_VERSION = 1;
				EXECUTABLE_PREFIX = lib;
				HEADER_SEARCH_PATHS = (
					"$(SRCROOT)/..",
					"$(SRCROOT)/../../../../vcc-core/inc",
				);
				INSTALL_PATH = "@executable_path/../Frameworks";
				LIBRARY_SEARCH_PATHS = "$(inherited)";
				PRODUCT_NAME = "$(TARGET_NAME)";
				SKIP_INSTALL = YES;
			};
			name = Debug;
		};
		13B7FCCA1BAF0B280041343C /* Release */ = {
			isa = XCBuildConfiguration;
			buildSettings = {
				DYLIB_COMPATIBILITY_VERSION = 1;
				DYLIB_CURRENT_VERSION = 1;
				EXECUTABLE_PREFIX = lib;
				HEADER_SEARCH_PATHS = (
					"$(SRCROOT)/..",
					"$(SRCROOT)/../../../../vcc-core/inc",
				);
				INSTALL_PATH = "@executable_path/../Frameworks";
				LIBRARY_SEARCH_PATHS = "$(inherited)";
				PRODUCT_NAME = "$(TARGET_NAME)";
				SKIP_INSTALL = YES;
			};
			name = Release;
		};
/* End XCBuildConfiguration section */

/* Begin XCConfigurationList section */
		13B7FCAF1BAF0B270041343C /* Build configuration list for PBXProject "vcc-pak-rampak" */ = {
			isa = XCConfigurationList;
			buildConfigurations = (
				13B7FCC61BAF0B280041343C /* Debug */,
				13B7FCC71BAF0B280041343C /* Release */,
			);
			defaultConfigurationIsVisible = 0;
			defaultConfigurationName = Release;
		};
		13B7FCC81BAF0B280041343C /* Build configuration list for PBXNativeTarget "vcc-pak-rampak" */ = {
			isa = XCConfigurationList;
			buildConfigurations = (
				13B7FCC91BAF0B280041343C /* Debug */,
				13B7FCCA1BAF0B280041343C /* Release */,
			);
			defaultConfigurationIsVisible = 0;
			defaultConfigurationName = Release;
		};
/* End XCConfigurationList section */
	};
	rootObject = 13B7FCAC1BAF0B270041343C /* Project object */;
}
