<?xml version="1.0" encoding="utf-8"?>
<Project ToolsVersion="4.0" xmlns="http://schemas.microsoft.com/developer/msbuild/2003">
  <ItemGroup>
    <ClCompile Include="fd502_cartridge.cpp">
      <Filter>Source Files</Filter>
    </ClCompile>
    <ClCompile Include="wd1793.cpp">
      <Filter>Source Files</Filter>
    </ClCompile>
    <ClCompile Include="main.cpp">
      <Filter>Source Files</Filter>
    </ClCompile>
    <ClCompile Include="fd502_cartridge_driver.cpp">
      <Filter>Source Files</Filter>
    </ClCompile>
    <ClCompile Include="fd502_configuration.cpp">
      <Filter>Source Files</Filter>
    </ClCompile>
    <ClCompile Include="configuration_dialog.cpp">
      <Filter>Source Files</Filter>
    </ClCompile>
    <ClCompile Include="fdc_command.cpp">
      <Filter>Source Files\detail</Filter>
    </ClCompile>
    <ClCompile Include="create_disk_image_dialog.cpp">
      <Filter>Source Files</Filter>
    </ClCompile>
    <ClCompile Include="fd502_control_register.cpp">
      <Filter>Source Files</Filter>
    </ClCompile>
  </ItemGroup>
  <ItemGroup>
    <ClInclude Include="fd502_cartridge.h">
      <Filter>Header Files</Filter>
    </ClInclude>
    <ClInclude Include="wd1793.h">
      <Filter>Header Files</Filter>
    </ClInclude>
    <ClInclude Include="resource.h">
      <Filter>Resource Files</Filter>
    </ClInclude>
    <ClInclude Include="wd1793defs.h">
      <Filter>Header Files</Filter>
    </ClInclude>
    <ClInclude Include="fd502_cartridge_driver.h">
      <Filter>Header Files</Filter>
    </ClInclude>
    <ClInclude Include="fd502_configuration.h">
      <Filter>Header Files</Filter>
    </ClInclude>
    <ClInclude Include="configuration_dialog.h">
      <Filter>Header Files</Filter>
    </ClInclude>
    <ClInclude Include="fdc_command.h">
      <Filter>Header Files\detail</Filter>
    </ClInclude>
    <ClInclude Include="fdc_command_id.h">
      <Filter>Header Files\detail</Filter>
    </ClInclude>
    <ClInclude Include="fdc_register_file.h">
      <Filter>Header Files\detail</Filter>
    </ClInclude>
    <ClInclude Include="floppy_disk_layout.h">
      <Filter>Header Files\detail</Filter>
    </ClInclude>
    <ClInclude Include="create_disk_image_dialog.h">
      <Filter>Header Files</Filter>
    </ClInclude>
    <ClInclude Include="fd502_control_register.h">
      <Filter>Header Files</Filter>
    </ClInclude>
    <ClInclude Include="disk_basic_rom_image_id.h">
      <Filter>Header Files\detail</Filter>
    </ClInclude>
  </ItemGroup>
  <ItemGroup>
    <Filter Include="Header Files">
      <UniqueIdentifier>{2ed54a5a-d4e4-4c84-a3cf-ce12a5022870}</UniqueIdentifier>
      <Extensions>
      </Extensions>
    </Filter>
    <Filter Include="Resource Files">
      <UniqueIdentifier>{5d86c2ed-de3e-4da8-b674-34de8b520fa3}</UniqueIdentifier>
    </Filter>
    <Filter Include="Source Files">
      <UniqueIdentifier>{04066375-3871-44cb-a434-779e80a935b3}</UniqueIdentifier>
      <Extensions>
      </Extensions>
    </Filter>
    <Filter Include="Header Files\detail">
      <UniqueIdentifier>{56450563-08df-46e5-bd1c-0c32c660d886}</UniqueIdentifier>
    </Filter>
    <Filter Include="Source Files\detail">
      <UniqueIdentifier>{582a9032-dee4-4ada-8593-9ea59be3c77d}</UniqueIdentifier>
    </Filter>
  </ItemGroup>
  <ItemGroup>
    <ResourceCompile Include="fd502.rc">
      <Filter>Resource Files</Filter>
    </ResourceCompile>
  </ItemGroup>
  <ItemGroup>
    <Image Include="resources\disk_write_protected.bmp">
      <Filter>Resource Files</Filter>
    </Image>
    <Image Include="resources\disk_writeable.bmp">
      <Filter>Resource Files</Filter>
    </Image>
  </ItemGroup>
</Project>