<?xml version="1.0" encoding="utf-8"?>
<Project ToolsVersion="4.0" xmlns="http://schemas.microsoft.com/developer/msbuild/2003">
  <ItemGroup>
    <ClCompile Include="multipak_expansion_port.cpp">
      <Filter>Source Files</Filter>
    </ClCompile>
    <ClCompile Include="configuration_dialog.cpp">
      <Filter>Source Files</Filter>
    </ClCompile>
    <ClCompile Include="mpi.cpp">
      <Filter>Source Files</Filter>
    </ClCompile>
    <ClCompile Include="multipak_cartridge.cpp">
      <Filter>Source Files</Filter>
    </ClCompile>
    <ClCompile Include="multipak_configuration.cpp">
      <Filter>Source Files</Filter>
    </ClCompile>
    <ClCompile Include="multipak_device.cpp">
      <Filter>Source Files</Filter>
    </ClCompile>
  </ItemGroup>
  <ItemGroup>
    <ClInclude Include="multipak_expansion_port.h">
      <Filter>Header Files</Filter>
    </ClInclude>
    <ClInclude Include="multipak_cartridge.h">
      <Filter>Header Files</Filter>
    </ClInclude>
    <ClInclude Include="resource.h">
      <Filter>Resource Files</Filter>
    </ClInclude>
    <ClInclude Include="configuration_dialog.h">
      <Filter>Header Files</Filter>
    </ClInclude>
    <ClInclude Include="multipak_expansion_port_bus.h">
      <Filter>Header Files</Filter>
    </ClInclude>
    <ClInclude Include="multipak_configuration.h">
      <Filter>Header Files</Filter>
    </ClInclude>
    <ClInclude Include="multipak_configuration.h">
      <Filter>Header Files</Filter>
    </ClInclude>
    <ClInclude Include="multipak_expansion_port_ui.h">
      <Filter>Header Files</Filter>
    </ClInclude>
    <ClInclude Include="multipak_cartridge_driver.h">
      <Filter>Header Files</Filter>
    </ClInclude>
  </ItemGroup>
  <ItemGroup>
    <Filter Include="Header Files">
      <UniqueIdentifier>{2196a53c-d2cd-4632-a864-10e717f690eb}</UniqueIdentifier>
    </Filter>
    <Filter Include="Source Files">
      <UniqueIdentifier>{4d6e158d-e3b7-4a82-931d-b36366c79626}</UniqueIdentifier>
    </Filter>
    <Filter Include="Resource Files">
      <UniqueIdentifier>{0b973864-2ee3-4c41-8f8f-be0e779b8404}</UniqueIdentifier>
    </Filter>
  </ItemGroup>
  <ItemGroup>
    <ResourceCompile Include="mpi.rc">
      <Filter>Resource Files</Filter>
    </ResourceCompile>
  </ItemGroup>
</Project>